
Microsoft Visual Studio Solution File, Format Version 12.00
# Visual Studio 15
VisualStudioVersion = 15.0.27130.2027
MinimumVisualStudioVersion = 10.0.40219.1
Project("{FAE04EC0-301F-11D3-BF4B-00C04F79EFBC}") = "TripTracker.BackService", "TripTracker.BackService\TripTracker.BackService.csproj", "{AD618560-4311-4B4A-BCDB-5F3B982FA71D}"
EndProject
Global
	GlobalSection(SolutionConfigurationPlatforms) = preSolution
		Debug|Any CPU = Debug|Any CPU
		Release|Any CPU = Release|Any CPU
	EndGlobalSection
	GlobalSection(ProjectConfigurationPlatforms) = postSolution
		{AD618560-4311-4B4A-BCDB-5F3B982FA71D}.Debug|Any CPU.ActiveCfg = Debug|Any CPU
		{AD618560-4311-4B4A-BCDB-5F3B982FA71D}.Debug|Any CPU.Build.0 = Debug|Any CPU
		{AD618560-4311-4B4A-BCDB-5F3B982FA71D}.Release|Any CPU.ActiveCfg = Release|Any CPU
		{AD618560-4311-4B4A-BCDB-5F3B982FA71D}.Release|Any CPU.Build.0 = Release|Any CPU
	EndGlobalSection
	GlobalSection(SolutionProperties) = preSolution
		HideSolutionNode = FALSE
	EndGlobalSection
	GlobalSection(ExtensibilityGlobals) = postSolution
		SolutionGuid = {F99C5578-DCF7-402A-9E29-4A32EF6A153E}
	EndGlobalSection
EndGlobal
